
Microsoft Visual Studio Solution File, Format Version 12.00
Project("{FAE04EC0-301F-11D3-BF4B-00C04F79EFBC}") = "GoogleCloudPricingCalculatorNUnit", "GoogleCloudPricingCalculatorNUnit\GoogleCloudPricingCalculatorNUnit.csproj", "{991EAFE3-12CF-453A-BF12-78ED5EA11816}"
EndProject
Global
	GlobalSection(SolutionConfigurationPlatforms) = preSolution
		Debug|Any CPU = Debug|Any CPU
		Release|Any CPU = Release|Any CPU
	EndGlobalSection
	GlobalSection(ProjectConfigurationPlatforms) = postSolution
		{991EAFE3-12CF-453A-BF12-78ED5EA11816}.Debug|Any CPU.ActiveCfg = Debug|Any CPU
		{991EAFE3-12CF-453A-BF12-78ED5EA11816}.Debug|Any CPU.Build.0 = Debug|Any CPU
		{991EAFE3-12CF-453A-BF12-78ED5EA11816}.Release|Any CPU.ActiveCfg = Release|Any CPU
		{991EAFE3-12CF-453A-BF12-78ED5EA11816}.Release|Any CPU.Build.0 = Release|Any CPU
	EndGlobalSection
EndGlobal
